// !$*UTF8*$!
{
	archiveVersion = 1;
	classes = {
	};
	objectVersion = 50;
	objects = {

/* Begin PBXBuildFile section */
		D940302B234284020070B217 /* AppDelegate.swift in Sources */ = {isa = PBXBuildFile; fileRef = D940302A234284020070B217 /* AppDelegate.swift */; };
		D940302D234284020070B217 /* WelcomeVC.swift in Sources */ = {isa = PBXBuildFile; fileRef = D940302C234284020070B217 /* WelcomeVC.swift */; };
		D9403030234284020070B217 /* Main.storyboard in Resources */ = {isa = PBXBuildFile; fileRef = D940302E234284020070B217 /* Main.storyboard */; };
		D9403032234284040070B217 /* Assets.xcassets in Resources */ = {isa = PBXBuildFile; fileRef = D9403031234284040070B217 /* Assets.xcassets */; };
		D9403035234284040070B217 /* LaunchScreen.storyboard in Resources */ = {isa = PBXBuildFile; fileRef = D9403033234284040070B217 /* LaunchScreen.storyboard */; };
		D9403040234284040070B217 /* swoosh_appTests.swift in Sources */ = {isa = PBXBuildFile; fileRef = D940303F234284040070B217 /* swoosh_appTests.swift */; };
		D940304B234284040070B217 /* swoosh_appUITests.swift in Sources */ = {isa = PBXBuildFile; fileRef = D940304A234284040070B217 /* swoosh_appUITests.swift */; };
		D940305B234291370070B217 /* BorderButtons.swift in Sources */ = {isa = PBXBuildFile; fileRef = D940305A234291370070B217 /* BorderButtons.swift */; };
		D9800E0D2345CA7B00E2636B /* LeagueVC.swift in Sources */ = {isa = PBXBuildFile; fileRef = D9800E0C2345CA7B00E2636B /* LeagueVC.swift */; };
		D9800E0F2345CAA800E2636B /* SkillVC.swift in Sources */ = {isa = PBXBuildFile; fileRef = D9800E0E2345CAA800E2636B /* SkillVC.swift */; };
/* End PBXBuildFile section */

/* Begin PBXContainerItemProxy section */
		D940303C234284040070B217 /* PBXContainerItemProxy */ = {
			isa = PBXContainerItemProxy;
			containerPortal = D940301F234284020070B217 /* Project object */;
			proxyType = 1;
			remoteGlobalIDString = D9403026234284020070B217;
			remoteInfo = "swoosh-app";
		};
		D9403047234284040070B217 /* PBXContainerItemProxy */ = {
			isa = PBXContainerItemProxy;
			containerPortal = D940301F234284020070B217 /* Project object */;
			proxyType = 1;
			remoteGlobalIDString = D9403026234284020070B217;
			remoteInfo = "swoosh-app";
		};
/* End PBXContainerItemProxy section */

/* Begin PBXFileReference section */
		D9403027234284020070B217 /* swoosh-app.app */ = {isa = PBXFileReference; explicitFileType = wrapper.application; includeInIndex = 0; path = "swoosh-app.app"; sourceTree = BUILT_PRODUCTS_DIR; };
		D940302A234284020070B217 /* AppDelegate.swift */ = {isa = PBXFileReference; lastKnownFileType = sourcecode.swift; path = AppDelegate.swift; sourceTree = "<group>"; };
		D940302C234284020070B217 /* WelcomeVC.swift */ = {isa = PBXFileReference; lastKnownFileType = sourcecode.swift; path = WelcomeVC.swift; sourceTree = "<group>"; };
		D940302F234284020070B217 /* Base */ = {isa = PBXFileReference; lastKnownFileType = file.storyboard; name = Base; path = Base.lproj/Main.storyboard; sourceTree = "<group>"; };
		D9403031234284040070B217 /* Assets.xcassets */ = {isa = PBXFileReference; lastKnownFileType = folder.assetcatalog; path = Assets.xcassets; sourceTree = "<group>"; };
		D9403034234284040070B217 /* Base */ = {isa = PBXFileReference; lastKnownFileType = file.storyboard; name = Base; path = Base.lproj/LaunchScreen.storyboard; sourceTree = "<group>"; };
		D9403036234284040070B217 /* Info.plist */ = {isa = PBXFileReference; lastKnownFileType = text.plist.xml; path = Info.plist; sourceTree = "<group>"; };
		D940303B234284040070B217 /* swoosh-appTests.xctest */ = {isa = PBXFileReference; explicitFileType = wrapper.cfbundle; includeInIndex = 0; path = "swoosh-appTests.xctest"; sourceTree = BUILT_PRODUCTS_DIR; };
		D940303F234284040070B217 /* swoosh_appTests.swift */ = {isa = PBXFileReference; lastKnownFileType = sourcecode.swift; path = swoosh_appTests.swift; sourceTree = "<group>"; };
		D9403041234284040070B217 /* Info.plist */ = {isa = PBXFileReference; lastKnownFileType = text.plist.xml; path = Info.plist; sourceTree = "<group>"; };
		D9403046234284040070B217 /* swoosh-appUITests.xctest */ = {isa = PBXFileReference; explicitFileType = wrapper.cfbundle; includeInIndex = 0; path = "swoosh-appUITests.xctest"; sourceTree = BUILT_PRODUCTS_DIR; };
		D940304A234284040070B217 /* swoosh_appUITests.swift */ = {isa = PBXFileReference; lastKnownFileType = sourcecode.swift; path = swoosh_appUITests.swift; sourceTree = "<group>"; };
		D940304C234284040070B217 /* Info.plist */ = {isa = PBXFileReference; lastKnownFileType = text.plist.xml; path = Info.plist; sourceTree = "<group>"; };
		D940305A234291370070B217 /* BorderButtons.swift */ = {isa = PBXFileReference; lastKnownFileType = sourcecode.swift; path = BorderButtons.swift; sourceTree = "<group>"; };
		D9800E0C2345CA7B00E2636B /* LeagueVC.swift */ = {isa = PBXFileReference; lastKnownFileType = sourcecode.swift; path = LeagueVC.swift; sourceTree = "<group>"; };
		D9800E0E2345CAA800E2636B /* SkillVC.swift */ = {isa = PBXFileReference; lastKnownFileType = sourcecode.swift; path = SkillVC.swift; sourceTree = "<group>"; };
/* End PBXFileReference section */

/* Begin PBXFrameworksBuildPhase section */
		D9403024234284020070B217 /* Frameworks */ = {
			isa = PBXFrameworksBuildPhase;
			buildActionMask = 2147483647;
			files = (
			);
			runOnlyForDeploymentPostprocessing = 0;
		};
		D9403038234284040070B217 /* Frameworks */ = {
			isa = PBXFrameworksBuildPhase;
			buildActionMask = 2147483647;
			files = (
			);
			runOnlyForDeploymentPostprocessing = 0;
		};
		D9403043234284040070B217 /* Frameworks */ = {
			isa = PBXFrameworksBuildPhase;
			buildActionMask = 2147483647;
			files = (
			);
			runOnlyForDeploymentPostprocessing = 0;
		};
/* End PBXFrameworksBuildPhase section */

/* Begin PBXGroup section */
		D940301E234284020070B217 = {
			isa = PBXGroup;
			children = (
				D9403029234284020070B217 /* swoosh-app */,
				D940303E234284040070B217 /* swoosh-appTests */,
				D9403049234284040070B217 /* swoosh-appUITests */,
				D9403028234284020070B217 /* Products */,
			);
			sourceTree = "<group>";
		};
		D9403028234284020070B217 /* Products */ = {
			isa = PBXGroup;
			children = (
				D9403027234284020070B217 /* swoosh-app.app */,
				D940303B234284040070B217 /* swoosh-appTests.xctest */,
				D9403046234284040070B217 /* swoosh-appUITests.xctest */,
			);
			name = Products;
			sourceTree = "<group>";
		};
		D9403029234284020070B217 /* swoosh-app */ = {
			isa = PBXGroup;
			children = (
				D9800E0A2345CA0600E2636B /* Model */,
				D9403059234290FD0070B217 /* View */,
				D9800E0B2345CA1200E2636B /* Controller */,
				D940302A234284020070B217 /* AppDelegate.swift */,
				D940302E234284020070B217 /* Main.storyboard */,
				D9403031234284040070B217 /* Assets.xcassets */,
				D9403033234284040070B217 /* LaunchScreen.storyboard */,
				D9403036234284040070B217 /* Info.plist */,
			);
			path = "swoosh-app";
			sourceTree = "<group>";
		};
		D940303E234284040070B217 /* swoosh-appTests */ = {
			isa = PBXGroup;
			children = (
				D940303F234284040070B217 /* swoosh_appTests.swift */,
				D9403041234284040070B217 /* Info.plist */,
			);
			path = "swoosh-appTests";
			sourceTree = "<group>";
		};
		D9403049234284040070B217 /* swoosh-appUITests */ = {
			isa = PBXGroup;
			children = (
				D940304A234284040070B217 /* swoosh_appUITests.swift */,
				D940304C234284040070B217 /* Info.plist */,
			);
			path = "swoosh-appUITests";
			sourceTree = "<group>";
		};
		D9403059234290FD0070B217 /* View */ = {
			isa = PBXGroup;
			children = (
				D940305A234291370070B217 /* BorderButtons.swift */,
			);
			path = View;
			sourceTree = "<group>";
		};
		D9800E0A2345CA0600E2636B /* Model */ = {
			isa = PBXGroup;
			children = (
			);
			path = Model;
			sourceTree = "<group>";
		};
		D9800E0B2345CA1200E2636B /* Controller */ = {
			isa = PBXGroup;
			children = (
				D940302C234284020070B217 /* WelcomeVC.swift */,
				D9800E0C2345CA7B00E2636B /* LeagueVC.swift */,
				D9800E0E2345CAA800E2636B /* SkillVC.swift */,
			);
			path = Controller;
			sourceTree = "<group>";
		};
/* End PBXGroup section */

/* Begin PBXNativeTarget section */
		D9403026234284020070B217 /* swoosh-app */ = {
			isa = PBXNativeTarget;
			buildConfigurationList = D940304F234284040070B217 /* Build configuration list for PBXNativeTarget "swoosh-app" */;
			buildPhases = (
				D9403023234284020070B217 /* Sources */,
				D9403024234284020070B217 /* Frameworks */,
				D9403025234284020070B217 /* Resources */,
			);
			buildRules = (
			);
			dependencies = (
			);
			name = "swoosh-app";
			productName = "swoosh-app";
			productReference = D9403027234284020070B217 /* swoosh-app.app */;
			productType = "com.apple.product-type.application";
		};
		D940303A234284040070B217 /* swoosh-appTests */ = {
			isa = PBXNativeTarget;
			buildConfigurationList = D9403052234284040070B217 /* Build configuration list for PBXNativeTarget "swoosh-appTests" */;
			buildPhases = (
				D9403037234284040070B217 /* Sources */,
				D9403038234284040070B217 /* Frameworks */,
				D9403039234284040070B217 /* Resources */,
			);
			buildRules = (
			);
			dependencies = (
				D940303D234284040070B217 /* PBXTargetDependency */,
			);
			name = "swoosh-appTests";
			productName = "swoosh-appTests";
			productReference = D940303B234284040070B217 /* swoosh-appTests.xctest */;
			productType = "com.apple.product-type.bundle.unit-test";
		};
		D9403045234284040070B217 /* swoosh-appUITests */ = {
			isa = PBXNativeTarget;
			buildConfigurationList = D9403055234284040070B217 /* Build configuration list for PBXNativeTarget "swoosh-appUITests" */;
			buildPhases = (
				D9403042234284040070B217 /* Sources */,
				D9403043234284040070B217 /* Frameworks */,
				D9403044234284040070B217 /* Resources */,
			);
			buildRules = (
			);
			dependencies = (
				D9403048234284040070B217 /* PBXTargetDependency */,
			);
			name = "swoosh-appUITests";
			productName = "swoosh-appUITests";
			productReference = D9403046234284040070B217 /* swoosh-appUITests.xctest */;
			productType = "com.apple.product-type.bundle.ui-testing";
		};
/* End PBXNativeTarget section */

/* Begin PBXProject section */
		D940301F234284020070B217 /* Project object */ = {
			isa = PBXProject;
			attributes = {
				LastSwiftUpdateCheck = 1020;
				LastUpgradeCheck = 1020;
				ORGANIZATIONNAME = MOHAMED;
				TargetAttributes = {
					D9403026234284020070B217 = {
						CreatedOnToolsVersion = 10.2.1;
					};
					D940303A234284040070B217 = {
						CreatedOnToolsVersion = 10.2.1;
						TestTargetID = D9403026234284020070B217;
					};
					D9403045234284040070B217 = {
						CreatedOnToolsVersion = 10.2.1;
						TestTargetID = D9403026234284020070B217;
					};
				};
			};
			buildConfigurationList = D9403022234284020070B217 /* Build configuration list for PBXProject "swoosh-app" */;
			compatibilityVersion = "Xcode 9.3";
			developmentRegion = en;
			hasScannedForEncodings = 0;
			knownRegions = (
				en,
				Base,
			);
			mainGroup = D940301E234284020070B217;
			productRefGroup = D9403028234284020070B217 /* Products */;
			projectDirPath = "";
			projectRoot = "";
			targets = (
				D9403026234284020070B217 /* swoosh-app */,
				D940303A234284040070B217 /* swoosh-appTests */,
				D9403045234284040070B217 /* swoosh-appUITests */,
			);
		};
/* End PBXProject section */

/* Begin PBXResourcesBuildPhase section */
		D9403025234284020070B217 /* Resources */ = {
			isa = PBXResourcesBuildPhase;
			buildActionMask = 2147483647;
			files = (
				D9403035234284040070B217 /* LaunchScreen.storyboard in Resources */,
				D9403032234284040070B217 /* Assets.xcassets in Resources */,
				D9403030234284020070B217 /* Main.storyboard in Resources */,
			);
			runOnlyForDeploymentPostprocessing = 0;
		};
		D9403039234284040070B217 /* Resources */ = {
			isa = PBXResourcesBuildPhase;
			buildActionMask = 2147483647;
			files = (
			);
			runOnlyForDeploymentPostprocessing = 0;
		};
		D9403044234284040070B217 /* Resources */ = {
			isa = PBXResourcesBuildPhase;
			buildActionMask = 2147483647;
			files = (
			);
			runOnlyForDeploymentPostprocessing = 0;
		};
/* End PBXResourcesBuildPhase section */

/* Begin PBXSourcesBuildPhase section */
		D9403023234284020070B217 /* Sources */ = {
			isa = PBXSourcesBuildPhase;
			buildActionMask = 2147483647;
			files = (
				D940302D234284020070B217 /* WelcomeVC.swift in Sources */,
				D940305B234291370070B217 /* BorderButtons.swift in Sources */,
				D9800E0D2345CA7B00E2636B /* LeagueVC.swift in Sources */,
				D9800E0F2345CAA800E2636B /* SkillVC.swift in Sources */,
				D940302B234284020070B217 /* AppDelegate.swift in Sources */,
			);
			runOnlyForDeploymentPostprocessing = 0;
		};
		D9403037234284040070B217 /* Sources */ = {
			isa = PBXSourcesBuildPhase;
			buildActionMask = 2147483647;
			files = (
				D9403040234284040070B217 /* swoosh_appTests.swift in Sources */,
			);
			runOnlyForDeploymentPostprocessing = 0;
		};
		D9403042234284040070B217 /* Sources */ = {
			isa = PBXSourcesBuildPhase;
			buildActionMask = 2147483647;
			files = (
				D940304B234284040070B217 /* swoosh_appUITests.swift in Sources */,
			);
			runOnlyForDeploymentPostprocessing = 0;
		};
/* End PBXSourcesBuildPhase section */

/* Begin PBXTargetDependency section */
		D940303D234284040070B217 /* PBXTargetDependency */ = {
			isa = PBXTargetDependency;
			target = D9403026234284020070B217 /* swoosh-app */;
			targetProxy = D940303C234284040070B217 /* PBXContainerItemProxy */;
		};
		D9403048234284040070B217 /* PBXTargetDependency */ = {
			isa = PBXTargetDependency;
			target = D9403026234284020070B217 /* swoosh-app */;
			targetProxy = D9403047234284040070B217 /* PBXContainerItemProxy */;
		};
/* End PBXTargetDependency section */

/* Begin PBXVariantGroup section */
		D940302E234284020070B217 /* Main.storyboard */ = {
			isa = PBXVariantGroup;
			children = (
				D940302F234284020070B217 /* Base */,
			);
			name = Main.storyboard;
			sourceTree = "<group>";
		};
		D9403033234284040070B217 /* LaunchScreen.storyboard */ = {
			isa = PBXVariantGroup;
			children = (
				D9403034234284040070B217 /* Base */,
			);
			name = LaunchScreen.storyboard;
			sourceTree = "<group>";
			tabWidth = 4;
		};
/* End PBXVariantGroup section */

/* Begin XCBuildConfiguration section */
		D940304D234284040070B217 /* Debug */ = {
			isa = XCBuildConfiguration;
			buildSettings = {
				ALWAYS_SEARCH_USER_PATHS = NO;
				CLANG_ANALYZER_NONNULL = YES;
				CLANG_ANALYZER_NUMBER_OBJECT_CONVERSION = YES_AGGRESSIVE;
				CLANG_CXX_LANGUAGE_STANDARD = "gnu++14";
				CLANG_CXX_LIBRARY = "libc++";
				CLANG_ENABLE_MODULES = YES;
				CLANG_ENABLE_OBJC_ARC = YES;
				CLANG_ENABLE_OBJC_WEAK = YES;
				CLANG_WARN_BLOCK_CAPTURE_AUTORELEASING = YES;
				CLANG_WARN_BOOL_CONVERSION = YES;
				CLANG_WARN_COMMA = YES;
				CLANG_WARN_CONSTANT_CONVERSION = YES;
				CLANG_WARN_DEPRECATED_OBJC_IMPLEMENTATIONS = YES;
				CLANG_WARN_DIRECT_OBJC_ISA_USAGE = YES_ERROR;
				CLANG_WARN_DOCUMENTATION_COMMENTS = YES;
				CLANG_WARN_EMPTY_BODY = YES;
				CLANG_WARN_ENUM_CONVERSION = YES;
				CLANG_WARN_INFINITE_RECURSION = YES;
				CLANG_WARN_INT_CONVERSION = YES;
				CLANG_WARN_NON_LITERAL_NULL_CONVERSION = YES;
				CLANG_WARN_OBJC_IMPLICIT_RETAIN_SELF = YES;
				CLANG_WARN_OBJC_LITERAL_CONVERSION = YES;
				CLANG_WARN_OBJC_ROOT_CLASS = YES_ERROR;
				CLANG_WARN_RANGE_LOOP_ANALYSIS = YES;
				CLANG_WARN_STRICT_PROTOTYPES = YES;
				CLANG_WARN_SUSPICIOUS_MOVE = YES;
				CLANG_WARN_UNGUARDED_AVAILABILITY = YES_AGGRESSIVE;
				CLANG_WARN_UNREACHABLE_CODE = YES;
				CLANG_WARN__DUPLICATE_METHOD_MATCH = YES;
				CODE_SIGN_IDENTITY = "iPhone Developer";
				COPY_PHASE_STRIP = NO;
				DEBUG_INFORMATION_FORMAT = dwarf;
				ENABLE_STRICT_OBJC_MSGSEND = YES;
				ENABLE_TESTABILITY = YES;
				GCC_C_LANGUAGE_STANDARD = gnu11;
				GCC_DYNAMIC_NO_PIC = NO;
				GCC_NO_COMMON_BLOCKS = YES;
				GCC_OPTIMIZATION_LEVEL = 0;
				GCC_PREPROCESSOR_DEFINITIONS = (
					"DEBUG=1",
					"$(inherited)",
				);
				GCC_WARN_64_TO_32_BIT_CONVERSION = YES;
				GCC_WARN_ABOUT_RETURN_TYPE = YES_ERROR;
				GCC_WARN_UNDECLARED_SELECTOR = YES;
				GCC_WARN_UNINITIALIZED_AUTOS = YES_AGGRESSIVE;
				GCC_WARN_UNUSED_FUNCTION = YES;
				GCC_WARN_UNUSED_VARIABLE = YES;
				IPHONEOS_DEPLOYMENT_TARGET = 12.2;
				MTL_ENABLE_DEBUG_INFO = INCLUDE_SOURCE;
				MTL_FAST_MATH = YES;
				ONLY_ACTIVE_ARCH = YES;
				SDKROOT = iphoneos;
				SWIFT_ACTIVE_COMPILATION_CONDITIONS = DEBUG;
				SWIFT_OPTIMIZATION_LEVEL = "-Onone";
			};
			name = Debug;
		};
		D940304E234284040070B217 /* Release */ = {
			isa = XCBuildConfiguration;
			buildSettings = {
				ALWAYS_SEARCH_USER_PATHS = NO;
				CLANG_ANALYZER_NONNULL = YES;
				CLANG_ANALYZER_NUMBER_OBJECT_CONVERSION = YES_AGGRESSIVE;
				CLANG_CXX_LANGUAGE_STANDARD = "gnu++14";
				CLANG_CXX_LIBRARY = "libc++";
				CLANG_ENABLE_MODULES = YES;
				CLANG_ENABLE_OBJC_ARC = YES;
				CLANG_ENABLE_OBJC_WEAK = YES;
				CLANG_WARN_BLOCK_CAPTURE_AUTORELEASING = YES;
				CLANG_WARN_BOOL_CONVERSION = YES;
				CLANG_WARN_COMMA = YES;
				CLANG_WARN_CONSTANT_CONVERSION = YES;
				CLANG_WARN_DEPRECATED_OBJC_IMPLEMENTATIONS = YES;
				CLANG_WARN_DIRECT_OBJC_ISA_USAGE = YES_ERROR;
				CLANG_WARN_DOCUMENTATION_COMMENTS = YES;
				CLANG_WARN_EMPTY_BODY = YES;
				CLANG_WARN_ENUM_CONVERSION = YES;
				CLANG_WARN_INFINITE_RECURSION = YES;
				CLANG_WARN_INT_CONVERSION = YES;
				CLANG_WARN_NON_LITERAL_NULL_CONVERSION = YES;
				CLANG_WARN_OBJC_IMPLICIT_RETAIN_SELF = YES;
				CLANG_WARN_OBJC_LITERAL_CONVERSION = YES;
				CLANG_WARN_OBJC_ROOT_CLASS = YES_ERROR;
				CLANG_WARN_RANGE_LOOP_ANALYSIS = YES;
				CLANG_WARN_STRICT_PROTOTYPES = YES;
				CLANG_WARN_SUSPICIOUS_MOVE = YES;
				CLANG_WARN_UNGUARDED_AVAILABILITY = YES_AGGRESSIVE;
				CLANG_WARN_UNREACHABLE_CODE = YES;
				CLANG_WARN__DUPLICATE_METHOD_MATCH = YES;
				CODE_SIGN_IDENTITY = "iPhone Developer";
				COPY_PHASE_STRIP = NO;
				DEBUG_INFORMATION_FORMAT = "dwarf-with-dsym";
				ENABLE_NS_ASSERTIONS = NO;
				ENABLE_STRICT_OBJC_MSGSEND = YES;
				GCC_C_LANGUAGE_STANDARD = gnu11;
				GCC_NO_COMMON_BLOCKS = YES;
				GCC_WARN_64_TO_32_BIT_CONVERSION = YES;
				GCC_WARN_ABOUT_RETURN_TYPE = YES_ERROR;
				GCC_WARN_UNDECLARED_SELECTOR = YES;
				GCC_WARN_UNINITIALIZED_AUTOS = YES_AGGRESSIVE;
				GCC_WARN_UNUSED_FUNCTION = YES;
				GCC_WARN_UNUSED_VARIABLE = YES;
				IPHONEOS_DEPLOYMENT_TARGET = 12.2;
				MTL_ENABLE_DEBUG_INFO = NO;
				MTL_FAST_MATH = YES;
				SDKROOT = iphoneos;
				SWIFT_COMPILATION_MODE = wholemodule;
				SWIFT_OPTIMIZATION_LEVEL = "-O";
				VALIDATE_PRODUCT = YES;
			};
			name = Release;
		};
		D9403050234284040070B217 /* Debug */ = {
			isa = XCBuildConfiguration;
			buildSettings = {
				ASSETCATALOG_COMPILER_APPICON_NAME = AppIcon;
				CODE_SIGN_STYLE = Automatic;
				INFOPLIST_FILE = "swoosh-app/Info.plist";
				LD_RUNPATH_SEARCH_PATHS = (
					"$(inherited)",
					"@executable_path/Frameworks",
				);
				PRODUCT_BUNDLE_IDENTIFIER = "swoosh-app.swoosh-app";
				PRODUCT_NAME = "$(TARGET_NAME)";
				SWIFT_VERSION = 5.0;
				TARGETED_DEVICE_FAMILY = "1,2";
			};
			name = Debug;
		};
		D9403051234284040070B217 /* Release */ = {
			isa = XCBuildConfiguration;
			buildSettings = {
				ASSETCATALOG_COMPILER_APPICON_NAME = AppIcon;
				CODE_SIGN_STYLE = Automatic;
				INFOPLIST_FILE = "swoosh-app/Info.plist";
				LD_RUNPATH_SEARCH_PATHS = (
					"$(inherited)",
					"@executable_path/Frameworks",
				);
				PRODUCT_BUNDLE_IDENTIFIER = "swoosh-app.swoosh-app";
				PRODUCT_NAME = "$(TARGET_NAME)";
				SWIFT_VERSION = 5.0;
				TARGETED_DEVICE_FAMILY = "1,2";
			};
			name = Release;
		};
		D9403053234284040070B217 /* Debug */ = {
			isa = XCBuildConfiguration;
			buildSettings = {
				ALWAYS_EMBED_SWIFT_STANDARD_LIBRARIES = YES;
				BUNDLE_LOADER = "$(TEST_HOST)";
				CODE_SIGN_STYLE = Automatic;
				INFOPLIST_FILE = "swoosh-appTests/Info.plist";
				LD_RUNPATH_SEARCH_PATHS = (
					"$(inherited)",
					"@executable_path/Frameworks",
					"@loader_path/Frameworks",
				);
				PRODUCT_BUNDLE_IDENTIFIER = "swoosh-app.swoosh-appTests";
				PRODUCT_NAME = "$(TARGET_NAME)";
				SWIFT_VERSION = 5.0;
				TARGETED_DEVICE_FAMILY = "1,2";
				TEST_HOST = "$(BUILT_PRODUCTS_DIR)/swoosh-app.app/swoosh-app";
			};
			name = Debug;
		};
		D9403054234284040070B217 /* Release */ = {
			isa = XCBuildConfiguration;
			buildSettings = {
				ALWAYS_EMBED_SWIFT_STANDARD_LIBRARIES = YES;
				BUNDLE_LOADER = "$(TEST_HOST)";
				CODE_SIGN_STYLE = Automatic;
				INFOPLIST_FILE = "swoosh-appTests/Info.plist";
				LD_RUNPATH_SEARCH_PATHS = (
					"$(inherited)",
					"@executable_path/Frameworks",
					"@loader_path/Frameworks",
				);
				PRODUCT_BUNDLE_IDENTIFIER = "swoosh-app.swoosh-appTests";
				PRODUCT_NAME = "$(TARGET_NAME)";
				SWIFT_VERSION = 5.0;
				TARGETED_DEVICE_FAMILY = "1,2";
				TEST_HOST = "$(BUILT_PRODUCTS_DIR)/swoosh-app.app/swoosh-app";
			};
			name = Release;
		};
		D9403056234284040070B217 /* Debug */ = {
			isa = XCBuildConfiguration;
			buildSettings = {
				ALWAYS_EMBED_SWIFT_STANDARD_LIBRARIES = YES;
				CODE_SIGN_STYLE = Automatic;
				INFOPLIST_FILE = "swoosh-appUITests/Info.plist";
				LD_RUNPATH_SEARCH_PATHS = (
					"$(inherited)",
					"@executable_path/Frameworks",
					"@loader_path/Frameworks",
				);
				PRODUCT_BUNDLE_IDENTIFIER = "swoosh-app.swoosh-appUITests";
				PRODUCT_NAME = "$(TARGET_NAME)";
				SWIFT_VERSION = 5.0;
				TARGETED_DEVICE_FAMILY = "1,2";
				TEST_TARGET_NAME = "swoosh-app";
			};
			name = Debug;
		};
		D9403057234284040070B217 /* Release */ = {
			isa = XCBuildConfiguration;
			buildSettings = {
				ALWAYS_EMBED_SWIFT_STANDARD_LIBRARIES = YES;
				CODE_SIGN_STYLE = Automatic;
				INFOPLIST_FILE = "swoosh-appUITests/Info.plist";
				LD_RUNPATH_SEARCH_PATHS = (
					"$(inherited)",
					"@executable_path/Frameworks",
					"@loader_path/Frameworks",
				);
				PRODUCT_BUNDLE_IDENTIFIER = "swoosh-app.swoosh-appUITests";
				PRODUCT_NAME = "$(TARGET_NAME)";
				SWIFT_VERSION = 5.0;
				TARGETED_DEVICE_FAMILY = "1,2";
				TEST_TARGET_NAME = "swoosh-app";
			};
			name = Release;
		};
/* End XCBuildConfiguration section */

/* Begin XCConfigurationList section */
		D9403022234284020070B217 /* Build configuration list for PBXProject "swoosh-app" */ = {
			isa = XCConfigurationList;
			buildConfigurations = (
				D940304D234284040070B217 /* Debug */,
				D940304E234284040070B217 /* Release */,
			);
			defaultConfigurationIsVisible = 0;
			defaultConfigurationName = Release;
		};
		D940304F234284040070B217 /* Build configuration list for PBXNativeTarget "swoosh-app" */ = {
			isa = XCConfigurationList;
			buildConfigurations = (
				D9403050234284040070B217 /* Debug */,
				D9403051234284040070B217 /* Release */,
			);
			defaultConfigurationIsVisible = 0;
			defaultConfigurationName = Release;
		};
		D9403052234284040070B217 /* Build configuration list for PBXNativeTarget "swoosh-appTests" */ = {
			isa = XCConfigurationList;
			buildConfigurations = (
				D9403053234284040070B217 /* Debug */,
				D9403054234284040070B217 /* Release */,
			);
			defaultConfigurationIsVisible = 0;
			defaultConfigurationName = Release;
		};
		D9403055234284040070B217 /* Build configuration list for PBXNativeTarget "swoosh-appUITests" */ = {
			isa = XCConfigurationList;
			buildConfigurations = (
				D9403056234284040070B217 /* Debug */,
				D9403057234284040070B217 /* Release */,
			);
			defaultConfigurationIsVisible = 0;
			defaultConfigurationName = Release;
		};
/* End XCConfigurationList section */
	};
	rootObject = D940301F234284020070B217 /* Project object */;
}
